
Microsoft Visual Studio Solution File, Format Version 12.00
# Visual Studio 11
Project("{FAE04EC0-301F-11D3-BF4B-00C04F79EFBC}") = "tmf.web", "tmf.web\tmf.web.csproj", "{1C0636DC-792C-4808-B60F-C9329E0039C5}"
EndProject
Project("{FAE04EC0-301F-11D3-BF4B-00C04F79EFBC}") = "tmf.business", "tmf.business\tmf.business.csproj", "{E9879902-8C1D-4582-8A93-1CB8E4683EDB}"
EndProject
Project("{FAE04EC0-301F-11D3-BF4B-00C04F79EFBC}") = "tmf.entities", "tmf.entities\tmf.entities.csproj", "{880E8D9A-9E79-4D59-B3A7-600E160A28A7}"
EndProject
Project("{FAE04EC0-301F-11D3-BF4B-00C04F79EFBC}") = "mvc.helpers", "mvc.helpers\mvc.helpers.csproj", "{741E6786-3FA0-4F04-9A89-8BB8659E2D67}"
EndProject
Project("{2150E333-8FDC-42A3-9474-1A3956D46DE8}") = ".nuget", ".nuget", "{5D656B75-8C99-41FD-844E-76D20E3DCB41}"
	ProjectSection(SolutionItems) = preProject
		.nuget\packages.config = .nuget\packages.config
	EndProjectSection
EndProject
Global
	GlobalSection(SolutionConfigurationPlatforms) = preSolution
		Debug|Any CPU = Debug|Any CPU
		Release|Any CPU = Release|Any CPU
	EndGlobalSection
	GlobalSection(ProjectConfigurationPlatforms) = postSolution
		{1C0636DC-792C-4808-B60F-C9329E0039C5}.Debug|Any CPU.ActiveCfg = Debug|Any CPU
		{1C0636DC-792C-4808-B60F-C9329E0039C5}.Debug|Any CPU.Build.0 = Debug|Any CPU
		{1C0636DC-792C-4808-B60F-C9329E0039C5}.Release|Any CPU.ActiveCfg = Release|Any CPU
		{1C0636DC-792C-4808-B60F-C9329E0039C5}.Release|Any CPU.Build.0 = Release|Any CPU
		{741E6786-3FA0-4F04-9A89-8BB8659E2D67}.Debug|Any CPU.ActiveCfg = Debug|Any CPU
		{741E6786-3FA0-4F04-9A89-8BB8659E2D67}.Debug|Any CPU.Build.0 = Debug|Any CPU
		{741E6786-3FA0-4F04-9A89-8BB8659E2D67}.Release|Any CPU.ActiveCfg = Release|Any CPU
		{741E6786-3FA0-4F04-9A89-8BB8659E2D67}.Release|Any CPU.Build.0 = Release|Any CPU
		{880E8D9A-9E79-4D59-B3A7-600E160A28A7}.Debug|Any CPU.ActiveCfg = Debug|Any CPU
		{880E8D9A-9E79-4D59-B3A7-600E160A28A7}.Debug|Any CPU.Build.0 = Debug|Any CPU
		{880E8D9A-9E79-4D59-B3A7-600E160A28A7}.Release|Any CPU.ActiveCfg = Release|Any CPU
		{880E8D9A-9E79-4D59-B3A7-600E160A28A7}.Release|Any CPU.Build.0 = Release|Any CPU
		{E9879902-8C1D-4582-8A93-1CB8E4683EDB}.Debug|Any CPU.ActiveCfg = Debug|Any CPU
		{E9879902-8C1D-4582-8A93-1CB8E4683EDB}.Debug|Any CPU.Build.0 = Debug|Any CPU
		{E9879902-8C1D-4582-8A93-1CB8E4683EDB}.Release|Any CPU.ActiveCfg = Release|Any CPU
		{E9879902-8C1D-4582-8A93-1CB8E4683EDB}.Release|Any CPU.Build.0 = Release|Any CPU
	EndGlobalSection
	GlobalSection(SolutionProperties) = preSolution
		HideSolutionNode = FALSE
	EndGlobalSection
EndGlobal
